Microsoft Visual Studio Solution File, Format Version 12.00
# Visual Studio 2012
Project("{FAE04EC0-301F-11D3-BF4B-00C04F79EFBC}") = "GoodCamera", "GoodCamera.csproj", "{30F0BDA4-1006-47DC-9CF1-5500B805EFAE}"
EndProject
Global
	GlobalSection(SolutionConfigurationPlatforms) = preSolution
	Debug|Any CPU = Debug|Any CPU
	ExportDebug|Any CPU = ExportDebug|Any CPU
	ExportRelease|Any CPU = ExportRelease|Any CPU
	EndGlobalSection
	GlobalSection(ProjectConfigurationPlatforms) = postSolution
		{30F0BDA4-1006-47DC-9CF1-5500B805EFAE}.Debug|Any CPU.ActiveCfg = Debug|Any CPU
		{30F0BDA4-1006-47DC-9CF1-5500B805EFAE}.Debug|Any CPU.Build.0 = Debug|Any CPU
		{30F0BDA4-1006-47DC-9CF1-5500B805EFAE}.ExportDebug|Any CPU.ActiveCfg = ExportDebug|Any CPU
		{30F0BDA4-1006-47DC-9CF1-5500B805EFAE}.ExportDebug|Any CPU.Build.0 = ExportDebug|Any CPU
		{30F0BDA4-1006-47DC-9CF1-5500B805EFAE}.ExportRelease|Any CPU.ActiveCfg = ExportRelease|Any CPU
		{30F0BDA4-1006-47DC-9CF1-5500B805EFAE}.ExportRelease|Any CPU.Build.0 = ExportRelease|Any CPU
	EndGlobalSection
EndGlobal
